
Microsoft Visual Studio Solution File, Format Version 12.00
# Visual Studio Version 17
VisualStudioVersion = 17.13.35818.85
MinimumVisualStudioVersion = 10.0.40219.1
Project("{FAE04EC0-301F-11D3-BF4B-00C04F79EFBC}") = "Varico.Core", "Varico.Core\Varico.Core.csproj", "{539E516B-A441-4C9C-B341-E9115944BFD9}"
EndProject
Project("{FAE04EC0-301F-11D3-BF4B-00C04F79EFBC}") = "Varico.EF", "Varico.EF\Varico.EF.csproj", "{EBDC528A-766C-4FAE-9047-D9572074AD96}"
EndProject
Global
	GlobalSection(SolutionConfigurationPlatforms) = preSolution
		Debug|Any CPU = Debug|Any CPU
		Release|Any CPU = Release|Any CPU
	EndGlobalSection
	GlobalSection(ProjectConfigurationPlatforms) = postSolution
		{539E516B-A441-4C9C-B341-E9115944BFD9}.Debug|Any CPU.ActiveCfg = Debug|Any CPU
		{539E516B-A441-4C9C-B341-E9115944BFD9}.Debug|Any CPU.Build.0 = Debug|Any CPU
		{539E516B-A441-4C9C-B341-E9115944BFD9}.Release|Any CPU.ActiveCfg = Release|Any CPU
		{539E516B-A441-4C9C-B341-E9115944BFD9}.Release|Any CPU.Build.0 = Release|Any CPU
		{EBDC528A-766C-4FAE-9047-D9572074AD96}.Debug|Any CPU.ActiveCfg = Debug|Any CPU
		{EBDC528A-766C-4FAE-9047-D9572074AD96}.Debug|Any CPU.Build.0 = Debug|Any CPU
		{EBDC528A-766C-4FAE-9047-D9572074AD96}.Release|Any CPU.ActiveCfg = Release|Any CPU
		{EBDC528A-766C-4FAE-9047-D9572074AD96}.Release|Any CPU.Build.0 = Release|Any CPU
	EndGlobalSection
	GlobalSection(SolutionProperties) = preSolution
		HideSolutionNode = FALSE
	EndGlobalSection
	GlobalSection(ExtensibilityGlobals) = postSolution
		SolutionGuid = {F3A74D0B-E7E0-45F6-AF44-EAF6A2699337}
	EndGlobalSection
EndGlobal
